
Microsoft Visual Studio Solution File, Format Version 12.00
# Visual Studio Version 17
VisualStudioVersion = 17.14.36414.22 d17.14
MinimumVisualStudioVersion = 10.0.40219.1
Project("{FAE04EC0-301F-11D3-BF4B-00C04F79EFBC}") = "CodingTracker.JonesKwameOsei", "CodingTracker.JonesKwameOsei\CodingTracker.JonesKwameOsei.csproj", "{5402859F-5556-4781-A4C3-C8C795068006}"
EndProject
Global
	GlobalSection(SolutionConfigurationPlatforms) = preSolution
		Debug|Any CPU = Debug|Any CPU
		Release|Any CPU = Release|Any CPU
	EndGlobalSection
	GlobalSection(ProjectConfigurationPlatforms) = postSolution
		{5402859F-5556-4781-A4C3-C8C795068006}.Debug|Any CPU.ActiveCfg = Debug|Any CPU
		{5402859F-5556-4781-A4C3-C8C795068006}.Debug|Any CPU.Build.0 = Debug|Any CPU
		{5402859F-5556-4781-A4C3-C8C795068006}.Release|Any CPU.ActiveCfg = Release|Any CPU
		{5402859F-5556-4781-A4C3-C8C795068006}.Release|Any CPU.Build.0 = Release|Any CPU
	EndGlobalSection
	GlobalSection(SolutionProperties) = preSolution
		HideSolutionNode = FALSE
	EndGlobalSection
	GlobalSection(ExtensibilityGlobals) = postSolution
		SolutionGuid = {77EA099D-C388-4177-B237-A97FA8B3ED56}
	EndGlobalSection
EndGlobal
